{
  "meteor": {},
  "dependencies": {
    "basePackages": {
      "iron-router": {},
      "fast-render": {},
      "jquery2": {},
      "bootstrap-3": {},
      "loading": {},
      "accounts-ui-bootstrap-3": {},
      "sugarjs": {}
    },
    "packages": {
      "iron-router": {
        "git": "https://github.com/EventedMind/iron-router.git",
        "tag": "v0.7.1",
        "commit": "d1ffb3f06ea4c112132b030f2eb1a70b81675ecb"
      },
      "fast-render": {
        "git": "https://github.com/arunoda/meteor-fast-render.git",
        "tag": "v0.2.3",
        "commit": "d56bd4a4d222bf176241cd6e756aa349cb24c260"
      },
      "jquery2": {
        "git": "https://github.com/gadicc/meteor-jquery2.git",
        "tag": "v2.1.0-3",
        "commit": "44b813b57d5f4ea1d1538acb48c13cc7acfb0f45"
      },
      "bootstrap-3": {
        "git": "https://github.com/mangasocial/meteor-bootstrap-3.git",
        "tag": "v3.1.1-1",
        "commit": "63dd38968828bb8963636df93e9a1c45e2dfe67e"
      },
      "loading": {
        "git": "https://github.com/bitIO/meteor-loading.git",
        "tag": "v0.0.1",
        "commit": "48840a828a614e25d0e19c124494b16f255a902e"
      },
      "accounts-ui-bootstrap-3": {
        "git": "https://github.com/mangasocial/meteor-accounts-ui-bootstrap-3.git",
        "tag": "v0.3.0-1",
        "commit": "93ffa5d0e325dc7026de89f6d90c178fa04bdd3a"
      },
      "sugarjs": {
        "git": "https://github.com/crapthings/meteor-sugarjs.git",
        "tag": "v1.4.0.1",
        "commit": "2841738b2c28d2d97c6cf3c41c4558f59f93db0e"
      },
      "blaze-layout": {
        "git": "https://github.com/EventedMind/blaze-layout.git",
        "tag": "v0.2.4",
        "commit": "b40e9b0612329288d75cf52ad14a7da64bb8618f"
      }
    }
  }
}
