{
  "meteor": {},
  "dependencies": {
    "basePackages": {
      "iron-router": {},
      "fast-render": {},
      "loading": {},
      "sugarjs": {},
      "npm": {},
      "collection2": {},
      "autoform": {},
      "flash-messages-plus": {},
      "managedUsers": {},
      "collection-helpers": {},
      "bootstrap3-wysihtml5": {},
      "trunk8": {},
      "bootstrap3-confirmation": {
        "git": "https://github.com/dennismonsewicz/meteor-bootstrap-confirmation",
        "branch": "master"
      },
      "accounts-entry": {
        "git": "https://github.com/dennismonsewicz/accounts-entry",
        "branch": "master"
      },
      "font-awesome": {},
      "jquery-scrollintoview": {},
      "kadira": {}
    },
    "packages": {
      "iron-router": {
        "git": "https://github.com/EventedMind/iron-router.git",
        "tag": "v0.7.1",
        "commit": "d1ffb3f06ea4c112132b030f2eb1a70b81675ecb"
      },
      "fast-render": {
        "git": "https://github.com/arunoda/meteor-fast-render.git",
        "tag": "v0.2.8",
        "commit": "149984b1aff3a5642a270aff9bd9006872c8302e"
      },
      "loading": {
        "git": "https://github.com/bitIO/meteor-loading.git",
        "tag": "v0.0.1",
        "commit": "48840a828a614e25d0e19c124494b16f255a902e"
      },
      "sugarjs": {
        "git": "https://github.com/crapthings/meteor-sugarjs.git",
        "tag": "v1.4.0.1",
        "commit": "2841738b2c28d2d97c6cf3c41c4558f59f93db0e"
      },
      "npm": {
        "git": "https://github.com/arunoda/meteor-npm.git",
        "tag": "v0.2.6",
        "commit": "177ab6118de5bf8cffb19481343d5762ff7a2aaf"
      },
      "collection2": {
        "git": "https://github.com/aldeed/meteor-collection2.git",
        "tag": "v0.4.1",
        "commit": "a9ffc9b285c3af8ad631f9cda4851b0ffc30c5ce"
      },
      "autoform": {
        "git": "https://github.com/aldeed/meteor-autoform.git",
        "tag": "v0.13.3",
        "commit": "23a7ba0754f353513fda44f666b600e69c62a208"
      },
      "flash-messages-plus": {
        "git": "https://github.com/tony-kerz/flash-messages.git",
        "tag": "v1.0.2",
        "commit": "e4c673c1aaeae6c7c042e100d5b423f34690ace9"
      },
      "managedUsers": {
        "git": "https://github.com/jzgoda/managedUsers.git",
        "tag": "v0.2.4",
        "commit": "60891fdfd6a56d8dc698a70a1b425244558c2997"
      },
      "collection-helpers": {
        "git": "https://github.com/dburles/meteor-collection-helpers.git",
        "tag": "v0.2.9",
        "commit": "912be6d15a59b9ee4519bf73000be70dd141b655"
      },
      "bootstrap3-wysihtml5": {
        "git": "https://github.com/andreioprisan/meteor-bootstrap3-wysihtml5.git",
        "tag": "v0.3.3",
        "commit": "251d564c3eb5b5b7a89a3e3e63f58633e0816332"
      },
      "trunk8": {
        "git": "https://github.com/ericraio/meteor-trunk8.git",
        "tag": "v0.0.1",
        "commit": "f2308ee06187f6ad53b63999c478051800aa5324"
      },
      "bootstrap3-confirmation": {
        "git": "https://github.com/dennismonsewicz/meteor-bootstrap-confirmation",
        "branch": "master",
        "commit": "ab09bffa524917827f7b5daf34241d2e08579a92"
      },
      "accounts-entry": {
        "git": "https://github.com/dennismonsewicz/accounts-entry",
        "branch": "master",
        "commit": "43af38fc2c2cb7d32483910ad2cbbb7aa4bf02e6"
      },
      "font-awesome": {
        "git": "https://github.com/nate-strauser/meteor-font-awesome.git",
        "tag": "v4.1.0",
        "commit": "ce6b1e92715d1938babc5d69c655c17e387f5926"
      },
      "jquery-scrollintoview": {
        "git": "https://github.com/WeekdayFiller/meteor-jquery.scrollintoview",
        "tag": "v1.8.0",
        "commit": "2adb657b6f6c09728d726b26d6b3d1de85b41f9a"
      },
      "kadira": {
        "git": "https://github.com/meteorhacks/kadira.git",
        "tag": "v2.4.4",
        "commit": "6073fa5bdfb36478165977804f922796b6fc82de"
      },
      "blaze-layout": {
        "git": "https://github.com/EventedMind/blaze-layout.git",
        "tag": "v0.2.4",
        "commit": "b40e9b0612329288d75cf52ad14a7da64bb8618f"
      },
      "simple-schema": {
        "git": "https://github.com/aldeed/meteor-simple-schema.git",
        "tag": "v0.5.1",
        "commit": "a29956b34d03a4591dbd0eaed9d37009ef48b8db"
      },
      "moment": {
        "git": "https://github.com/acreeger/meteor-moment.git",
        "tag": "v2.6.0",
        "commit": "26156df681750fd6e6ed77043eef32b6653ebbdf"
      },
      "bootstrap-3": {
        "git": "https://github.com/mangasocial/meteor-bootstrap-3.git",
        "tag": "v3.1.1-1",
        "commit": "63dd38968828bb8963636df93e9a1c45e2dfe67e"
      },
      "accounts-ui-bs3-and-blaze": {
        "git": "https://github.com/jzgoda/meteor-accounts-ui-bootstrap-3-and-blaze",
        "tag": "v0.4.2",
        "commit": "311530aecf2e9af74d990140c7f6d072077b679c"
      },
      "accounts-t9n": {
        "git": "https://github.com/softwarerero/meteor-accounts-t9n.git",
        "tag": "v0.0.5",
        "commit": "ad9539a8818049d5d9fa050d8b2a1f62706483b1"
      }
    }
  }
}
